// !$*UTF8*$!
{
	archiveVersion = 1;
	classes = {
	};
	objectVersion = 50;
	objects = {

/* Begin PBXBuildFile section */
		ED07AB3F21A3B659000B5607 /* UIView+Constraints.swift in Sources */ = {isa = PBXBuildFile; fileRef = ED07AB3E21A3B659000B5607 /* UIView+Constraints.swift */; };
		ED07AB4121A3C485000B5607 /* UIViewController+Safari.swift in Sources */ = {isa = PBXBuildFile; fileRef = ED07AB4021A3C485000B5607 /* UIViewController+Safari.swift */; };
		ED07AB4421A4DE47000B5607 /* UILabel+TextStyle.swift in Sources */ = {isa = PBXBuildFile; fileRef = ED07AB4321A4DE47000B5607 /* UILabel+TextStyle.swift */; };
		ED3C851821AAFB7C004299F4 /* Date+Format.swift in Sources */ = {isa = PBXBuildFile; fileRef = ED3C851721AAFB7C004299F4 /* Date+Format.swift */; };
		ED3C851A21ABB485004299F4 /* StoryDownloadOperation.swift in Sources */ = {isa = PBXBuildFile; fileRef = ED3C851921ABB484004299F4 /* StoryDownloadOperation.swift */; };
		ED3C851F21ACC180004299F4 /* AsyncOperation.swift in Sources */ = {isa = PBXBuildFile; fileRef = ED3C851E21ACC180004299F4 /* AsyncOperation.swift */; };
		ED8D427421B6043600E3A130 /* String+Quantity.swift in Sources */ = {isa = PBXBuildFile; fileRef = ED8D427321B6043600E3A130 /* String+Quantity.swift */; };
		ED8D427621B77E5B00E3A130 /* UITableViewCell+Identifier.swift in Sources */ = {isa = PBXBuildFile; fileRef = ED8D427521B77E5B00E3A130 /* UITableViewCell+Identifier.swift */; };
		ED8D427E21B8B51600E3A130 /* HackrTests.swift in Sources */ = {isa = PBXBuildFile; fileRef = ED8D427D21B8B51600E3A130 /* HackrTests.swift */; };
		ED8D429721B8B6BE00E3A130 /* StringUtilTest.swift in Sources */ = {isa = PBXBuildFile; fileRef = ED8D429521B8B6BC00E3A130 /* StringUtilTest.swift */; };
		ED8D42BB21BF603900E3A130 /* StoryPagesViewController.swift in Sources */ = {isa = PBXBuildFile; fileRef = ED8D42BA21BF603900E3A130 /* StoryPagesViewController.swift */; };
		ED8D42BD21BF658300E3A130 /* StoriesViewController.swift in Sources */ = {isa = PBXBuildFile; fileRef = ED8D42BC21BF658300E3A130 /* StoriesViewController.swift */; };
		ED8D42BF21C1F00400E3A130 /* HackerNewsConstants.swift in Sources */ = {isa = PBXBuildFile; fileRef = ED8D42BE21C1F00400E3A130 /* HackerNewsConstants.swift */; };
		EDD848CE21A0BA190005CD69 /* AppDelegate.swift in Sources */ = {isa = PBXBuildFile; fileRef = EDD848CD21A0BA190005CD69 /* AppDelegate.swift */; };
		EDD848D521A0BA1A0005CD69 /* Assets.xcassets in Resources */ = {isa = PBXBuildFile; fileRef = EDD848D421A0BA1A0005CD69 /* Assets.xcassets */; };
		EDD848D821A0BA1A0005CD69 /* LaunchScreen.storyboard in Resources */ = {isa = PBXBuildFile; fileRef = EDD848D621A0BA1A0005CD69 /* LaunchScreen.storyboard */; };
		EDD848E221A0BAC80005CD69 /* HackerNewsService.swift in Sources */ = {isa = PBXBuildFile; fileRef = EDD848E121A0BAC80005CD69 /* HackerNewsService.swift */; };
		EDD848E421A0BAD20005CD69 /* HackerNewsParser.swift in Sources */ = {isa = PBXBuildFile; fileRef = EDD848E321A0BAD20005CD69 /* HackerNewsParser.swift */; };
		EDD848E621A0BADC0005CD69 /* HackerNewsItem.swift in Sources */ = {isa = PBXBuildFile; fileRef = EDD848E521A0BADC0005CD69 /* HackerNewsItem.swift */; };
		EDD848E921A0DA4D0005CD69 /* HackerNewsStory.swift in Sources */ = {isa = PBXBuildFile; fileRef = EDD848E821A0DA4D0005CD69 /* HackerNewsStory.swift */; };
		EDD848EC21A114FE0005CD69 /* UIColor+HackrColor.swift in Sources */ = {isa = PBXBuildFile; fileRef = EDD848EB21A114FE0005CD69 /* UIColor+HackrColor.swift */; };
		EDD848F021A1E1CE0005CD69 /* StoryTableViewCell.swift in Sources */ = {isa = PBXBuildFile; fileRef = EDD848EF21A1E1CE0005CD69 /* StoryTableViewCell.swift */; };
/* End PBXBuildFile section */

/* Begin PBXContainerItemProxy section */
		ED8D428021B8B51600E3A130 /* PBXContainerItemProxy */ = {
			isa = PBXContainerItemProxy;
			containerPortal = EDD848C221A0BA190005CD69 /* Project object */;
			proxyType = 1;
			remoteGlobalIDString = EDD848C921A0BA190005CD69;
			remoteInfo = Hackr;
		};
/* End PBXContainerItemProxy section */

/* Begin PBXFileReference section */
		ED07AB3E21A3B659000B5607 /* UIView+Constraints.swift */ = {isa = PBXFileReference; lastKnownFileType = sourcecode.swift; path = "UIView+Constraints.swift"; sourceTree = "<group>"; };
		ED07AB4021A3C485000B5607 /* UIViewController+Safari.swift */ = {isa = PBXFileReference; lastKnownFileType = sourcecode.swift; path = "UIViewController+Safari.swift"; sourceTree = "<group>"; };
		ED07AB4321A4DE47000B5607 /* UILabel+TextStyle.swift */ = {isa = PBXFileReference; lastKnownFileType = sourcecode.swift; path = "UILabel+TextStyle.swift"; sourceTree = "<group>"; };
		ED3C851721AAFB7C004299F4 /* Date+Format.swift */ = {isa = PBXFileReference; lastKnownFileType = sourcecode.swift; path = "Date+Format.swift"; sourceTree = "<group>"; };
		ED3C851921ABB484004299F4 /* StoryDownloadOperation.swift */ = {isa = PBXFileReference; lastKnownFileType = sourcecode.swift; path = StoryDownloadOperation.swift; sourceTree = "<group>"; };
		ED3C851E21ACC180004299F4 /* AsyncOperation.swift */ = {isa = PBXFileReference; lastKnownFileType = sourcecode.swift; path = AsyncOperation.swift; sourceTree = "<group>"; };
		ED8D427321B6043600E3A130 /* String+Quantity.swift */ = {isa = PBXFileReference; lastKnownFileType = sourcecode.swift; path = "String+Quantity.swift"; sourceTree = "<group>"; };
		ED8D427521B77E5B00E3A130 /* UITableViewCell+Identifier.swift */ = {isa = PBXFileReference; lastKnownFileType = sourcecode.swift; path = "UITableViewCell+Identifier.swift"; sourceTree = "<group>"; };
		ED8D427B21B8B51600E3A130 /* HackrTests.xctest */ = {isa = PBXFileReference; explicitFileType = wrapper.cfbundle; includeInIndex = 0; path = HackrTests.xctest; sourceTree = BUILT_PRODUCTS_DIR; };
		ED8D427D21B8B51600E3A130 /* HackrTests.swift */ = {isa = PBXFileReference; lastKnownFileType = sourcecode.swift; path = HackrTests.swift; sourceTree = "<group>"; };
		ED8D427F21B8B51600E3A130 /* Info.plist */ = {isa = PBXFileReference; lastKnownFileType = text.plist.xml; path = Info.plist; sourceTree = "<group>"; };
		ED8D429521B8B6BC00E3A130 /* StringUtilTest.swift */ = {isa = PBXFileReference; lastKnownFileType = sourcecode.swift; path = StringUtilTest.swift; sourceTree = "<group>"; };
		ED8D42BA21BF603900E3A130 /* StoryPagesViewController.swift */ = {isa = PBXFileReference; lastKnownFileType = sourcecode.swift; path = StoryPagesViewController.swift; sourceTree = "<group>"; };
		ED8D42BC21BF658300E3A130 /* StoriesViewController.swift */ = {isa = PBXFileReference; lastKnownFileType = sourcecode.swift; path = StoriesViewController.swift; sourceTree = "<group>"; };
		ED8D42BE21C1F00400E3A130 /* HackerNewsConstants.swift */ = {isa = PBXFileReference; lastKnownFileType = sourcecode.swift; path = HackerNewsConstants.swift; sourceTree = "<group>"; };
		EDD848CA21A0BA190005CD69 /* Hackr.app */ = {isa = PBXFileReference; explicitFileType = wrapper.application; includeInIndex = 0; path = Hackr.app; sourceTree = BUILT_PRODUCTS_DIR; };
		EDD848CD21A0BA190005CD69 /* AppDelegate.swift */ = {isa = PBXFileReference; lastKnownFileType = sourcecode.swift; path = AppDelegate.swift; sourceTree = "<group>"; };
		EDD848D421A0BA1A0005CD69 /* Assets.xcassets */ = {isa = PBXFileReference; lastKnownFileType = folder.assetcatalog; path = Assets.xcassets; sourceTree = "<group>"; };
		EDD848D721A0BA1A0005CD69 /* Base */ = {isa = PBXFileReference; lastKnownFileType = file.storyboard; name = Base; path = Base.lproj/LaunchScreen.storyboard; sourceTree = "<group>"; };
		EDD848D921A0BA1A0005CD69 /* Info.plist */ = {isa = PBXFileReference; lastKnownFileType = text.plist.xml; path = Info.plist; sourceTree = "<group>"; };
		EDD848E121A0BAC80005CD69 /* HackerNewsService.swift */ = {isa = PBXFileReference; lastKnownFileType = sourcecode.swift; path = HackerNewsService.swift; sourceTree = "<group>"; };
		EDD848E321A0BAD20005CD69 /* HackerNewsParser.swift */ = {isa = PBXFileReference; lastKnownFileType = sourcecode.swift; path = HackerNewsParser.swift; sourceTree = "<group>"; };
		EDD848E521A0BADC0005CD69 /* HackerNewsItem.swift */ = {isa = PBXFileReference; lastKnownFileType = sourcecode.swift; path = HackerNewsItem.swift; sourceTree = "<group>"; };
		EDD848E821A0DA4D0005CD69 /* HackerNewsStory.swift */ = {isa = PBXFileReference; lastKnownFileType = sourcecode.swift; path = HackerNewsStory.swift; sourceTree = "<group>"; };
		EDD848EB21A114FE0005CD69 /* UIColor+HackrColor.swift */ = {isa = PBXFileReference; lastKnownFileType = sourcecode.swift; path = "UIColor+HackrColor.swift"; sourceTree = "<group>"; };
		EDD848EF21A1E1CE0005CD69 /* StoryTableViewCell.swift */ = {isa = PBXFileReference; lastKnownFileType = sourcecode.swift; path = StoryTableViewCell.swift; sourceTree = "<group>"; };
/* End PBXFileReference section */

/* Begin PBXFrameworksBuildPhase section */
		ED8D427821B8B51600E3A130 /* Frameworks */ = {
			isa = PBXFrameworksBuildPhase;
			buildActionMask = 2147483647;
			files = (
			);
			runOnlyForDeploymentPostprocessing = 0;
		};
		EDD848C721A0BA190005CD69 /* Frameworks */ = {
			isa = PBXFrameworksBuildPhase;
			buildActionMask = 2147483647;
			files = (
			);
			runOnlyForDeploymentPostprocessing = 0;
		};
/* End PBXFrameworksBuildPhase section */

/* Begin PBXGroup section */
		ED07AB3C21A3B4FF000B5607 /* Extensions */ = {
			isa = PBXGroup;
			children = (
				EDD848EB21A114FE0005CD69 /* UIColor+HackrColor.swift */,
				ED07AB3E21A3B659000B5607 /* UIView+Constraints.swift */,
				ED07AB4321A4DE47000B5607 /* UILabel+TextStyle.swift */,
				ED3C851721AAFB7C004299F4 /* Date+Format.swift */,
				ED8D427521B77E5B00E3A130 /* UITableViewCell+Identifier.swift */,
			);
			path = Extensions;
			sourceTree = "<group>";
		};
		ED07AB3D21A3B5CF000B5607 /* Story */ = {
			isa = PBXGroup;
			children = (
				EDD848EF21A1E1CE0005CD69 /* StoryTableViewCell.swift */,
			);
			path = Story;
			sourceTree = "<group>";
		};
		ED07AB4221A3C489000B5607 /* Extensions */ = {
			isa = PBXGroup;
			children = (
				ED07AB4021A3C485000B5607 /* UIViewController+Safari.swift */,
			);
			path = Extensions;
			sourceTree = "<group>";
		};
		ED3C852021ACC18C004299F4 /* Networking */ = {
			isa = PBXGroup;
			children = (
				ED3C851E21ACC180004299F4 /* AsyncOperation.swift */,
			);
			path = Networking;
			sourceTree = "<group>";
		};
		ED8D427221B6040800E3A130 /* Util */ = {
			isa = PBXGroup;
			children = (
				ED8D427321B6043600E3A130 /* String+Quantity.swift */,
			);
			path = Util;
			sourceTree = "<group>";
		};
		ED8D427C21B8B51600E3A130 /* HackrTests */ = {
			isa = PBXGroup;
			children = (
				ED8D427D21B8B51600E3A130 /* HackrTests.swift */,
				ED8D429421B8B6A200E3A130 /* UtilTests */,
				ED8D427F21B8B51600E3A130 /* Info.plist */,
			);
			path = HackrTests;
			sourceTree = "<group>";
		};
		ED8D429421B8B6A200E3A130 /* UtilTests */ = {
			isa = PBXGroup;
			children = (
				ED8D429521B8B6BC00E3A130 /* StringUtilTest.swift */,
			);
			path = UtilTests;
			sourceTree = "<group>";
		};
		EDD848C121A0BA190005CD69 = {
			isa = PBXGroup;
			children = (
				EDD848CC21A0BA190005CD69 /* Hackr */,
				ED8D427C21B8B51600E3A130 /* HackrTests */,
				EDD848CB21A0BA190005CD69 /* Products */,
			);
			sourceTree = "<group>";
		};
		EDD848CB21A0BA190005CD69 /* Products */ = {
			isa = PBXGroup;
			children = (
				EDD848CA21A0BA190005CD69 /* Hackr.app */,
				ED8D427B21B8B51600E3A130 /* HackrTests.xctest */,
			);
			name = Products;
			sourceTree = "<group>";
		};
		EDD848CC21A0BA190005CD69 /* Hackr */ = {
			isa = PBXGroup;
			children = (
				EDD848CD21A0BA190005CD69 /* AppDelegate.swift */,
				EDD848DF21A0BAB40005CD69 /* Model */,
				EDD848EA21A114D60005CD69 /* View */,
				EDD848E721A0CF600005CD69 /* ViewController */,
				EDD848E021A0BAB90005CD69 /* HackerNews */,
				ED3C852021ACC18C004299F4 /* Networking */,
				ED8D427221B6040800E3A130 /* Util */,
				EDD848D421A0BA1A0005CD69 /* Assets.xcassets */,
				EDD848D621A0BA1A0005CD69 /* LaunchScreen.storyboard */,
				EDD848D921A0BA1A0005CD69 /* Info.plist */,
			);
			path = Hackr;
			sourceTree = "<group>";
		};
		EDD848DF21A0BAB40005CD69 /* Model */ = {
			isa = PBXGroup;
			children = (
				EDD848E521A0BADC0005CD69 /* HackerNewsItem.swift */,
				EDD848E821A0DA4D0005CD69 /* HackerNewsStory.swift */,
			);
			path = Model;
			sourceTree = "<group>";
		};
		EDD848E021A0BAB90005CD69 /* HackerNews */ = {
			isa = PBXGroup;
			children = (
				ED8D42BE21C1F00400E3A130 /* HackerNewsConstants.swift */,
				EDD848E121A0BAC80005CD69 /* HackerNewsService.swift */,
				EDD848E321A0BAD20005CD69 /* HackerNewsParser.swift */,
				ED3C851921ABB484004299F4 /* StoryDownloadOperation.swift */,
			);
			path = HackerNews;
			sourceTree = "<group>";
		};
		EDD848E721A0CF600005CD69 /* ViewController */ = {
			isa = PBXGroup;
			children = (
				ED07AB4221A3C489000B5607 /* Extensions */,
				ED8D42BA21BF603900E3A130 /* StoryPagesViewController.swift */,
				ED8D42BC21BF658300E3A130 /* StoriesViewController.swift */,
			);
			path = ViewController;
			sourceTree = "<group>";
		};
		EDD848EA21A114D60005CD69 /* View */ = {
			isa = PBXGroup;
			children = (
				ED07AB3C21A3B4FF000B5607 /* Extensions */,
				ED07AB3D21A3B5CF000B5607 /* Story */,
			);
			path = View;
			sourceTree = "<group>";
		};
/* End PBXGroup section */

/* Begin PBXNativeTarget section */
		ED8D427A21B8B51600E3A130 /* HackrTests */ = {
			isa = PBXNativeTarget;
			buildConfigurationList = ED8D428221B8B51600E3A130 /* Build configuration list for PBXNativeTarget "HackrTests" */;
			buildPhases = (
				ED8D427721B8B51600E3A130 /* Sources */,
				ED8D427821B8B51600E3A130 /* Frameworks */,
				ED8D427921B8B51600E3A130 /* Resources */,
			);
			buildRules = (
			);
			dependencies = (
				ED8D428121B8B51600E3A130 /* PBXTargetDependency */,
			);
			name = HackrTests;
			productName = HackrTests;
			productReference = ED8D427B21B8B51600E3A130 /* HackrTests.xctest */;
			productType = "com.apple.product-type.bundle.unit-test";
		};
		EDD848C921A0BA190005CD69 /* Hackr */ = {
			isa = PBXNativeTarget;
			buildConfigurationList = EDD848DC21A0BA1A0005CD69 /* Build configuration list for PBXNativeTarget "Hackr" */;
			buildPhases = (
				EDD848C621A0BA190005CD69 /* Sources */,
				EDD848C721A0BA190005CD69 /* Frameworks */,
				EDD848C821A0BA190005CD69 /* Resources */,
			);
			buildRules = (
			);
			dependencies = (
			);
			name = Hackr;
			productName = Hackr;
			productReference = EDD848CA21A0BA190005CD69 /* Hackr.app */;
			productType = "com.apple.product-type.application";
		};
/* End PBXNativeTarget section */

/* Begin PBXProject section */
		EDD848C221A0BA190005CD69 /* Project object */ = {
			isa = PBXProject;
			attributes = {
				LastSwiftUpdateCheck = 1010;
				LastUpgradeCheck = 1010;
				ORGANIZATIONNAME = "Alejandrina Patron";
				TargetAttributes = {
					ED8D427A21B8B51600E3A130 = {
						CreatedOnToolsVersion = 10.1;
						TestTargetID = EDD848C921A0BA190005CD69;
					};
					EDD848C921A0BA190005CD69 = {
						CreatedOnToolsVersion = 10.1;
					};
				};
			};
			buildConfigurationList = EDD848C521A0BA190005CD69 /* Build configuration list for PBXProject "Hackr" */;
			compatibilityVersion = "Xcode 9.3";
			developmentRegion = en;
			hasScannedForEncodings = 0;
			knownRegions = (
				en,
				Base,
			);
			mainGroup = EDD848C121A0BA190005CD69;
			productRefGroup = EDD848CB21A0BA190005CD69 /* Products */;
			projectDirPath = "";
			projectRoot = "";
			targets = (
				EDD848C921A0BA190005CD69 /* Hackr */,
				ED8D427A21B8B51600E3A130 /* HackrTests */,
			);
		};
/* End PBXProject section */

/* Begin PBXResourcesBuildPhase section */
		ED8D427921B8B51600E3A130 /* Resources */ = {
			isa = PBXResourcesBuildPhase;
			buildActionMask = 2147483647;
			files = (
			);
			runOnlyForDeploymentPostprocessing = 0;
		};
		EDD848C821A0BA190005CD69 /* Resources */ = {
			isa = PBXResourcesBuildPhase;
			buildActionMask = 2147483647;
			files = (
				EDD848D821A0BA1A0005CD69 /* LaunchScreen.storyboard in Resources */,
				EDD848D521A0BA1A0005CD69 /* Assets.xcassets in Resources */,
			);
			runOnlyForDeploymentPostprocessing = 0;
		};
/* End PBXResourcesBuildPhase section */

/* Begin PBXSourcesBuildPhase section */
		ED8D427721B8B51600E3A130 /* Sources */ = {
			isa = PBXSourcesBuildPhase;
			buildActionMask = 2147483647;
			files = (
				ED8D429721B8B6BE00E3A130 /* StringUtilTest.swift in Sources */,
				ED8D427E21B8B51600E3A130 /* HackrTests.swift in Sources */,
			);
			runOnlyForDeploymentPostprocessing = 0;
		};
		EDD848C621A0BA190005CD69 /* Sources */ = {
			isa = PBXSourcesBuildPhase;
			buildActionMask = 2147483647;
			files = (
				ED8D42BD21BF658300E3A130 /* StoriesViewController.swift in Sources */,
				ED8D42BF21C1F00400E3A130 /* HackerNewsConstants.swift in Sources */,
				EDD848E621A0BADC0005CD69 /* HackerNewsItem.swift in Sources */,
				ED8D42BB21BF603900E3A130 /* StoryPagesViewController.swift in Sources */,
				EDD848EC21A114FE0005CD69 /* UIColor+HackrColor.swift in Sources */,
				ED07AB4421A4DE47000B5607 /* UILabel+TextStyle.swift in Sources */,
				ED8D427621B77E5B00E3A130 /* UITableViewCell+Identifier.swift in Sources */,
				EDD848E421A0BAD20005CD69 /* HackerNewsParser.swift in Sources */,
				ED07AB4121A3C485000B5607 /* UIViewController+Safari.swift in Sources */,
				ED3C851F21ACC180004299F4 /* AsyncOperation.swift in Sources */,
				ED8D427421B6043600E3A130 /* String+Quantity.swift in Sources */,
				ED3C851821AAFB7C004299F4 /* Date+Format.swift in Sources */,
				EDD848CE21A0BA190005CD69 /* AppDelegate.swift in Sources */,
				EDD848E921A0DA4D0005CD69 /* HackerNewsStory.swift in Sources */,
				ED3C851A21ABB485004299F4 /* StoryDownloadOperation.swift in Sources */,
				EDD848E221A0BAC80005CD69 /* HackerNewsService.swift in Sources */,
				ED07AB3F21A3B659000B5607 /* UIView+Constraints.swift in Sources */,
				EDD848F021A1E1CE0005CD69 /* StoryTableViewCell.swift in Sources */,
			);
			runOnlyForDeploymentPostprocessing = 0;
		};
/* End PBXSourcesBuildPhase section */

/* Begin PBXTargetDependency section */
		ED8D428121B8B51600E3A130 /* PBXTargetDependency */ = {
			isa = PBXTargetDependency;
			target = EDD848C921A0BA190005CD69 /* Hackr */;
			targetProxy = ED8D428021B8B51600E3A130 /* PBXContainerItemProxy */;
		};
/* End PBXTargetDependency section */

/* Begin PBXVariantGroup section */
		EDD848D621A0BA1A0005CD69 /* LaunchScreen.storyboard */ = {
			isa = PBXVariantGroup;
			children = (
				EDD848D721A0BA1A0005CD69 /* Base */,
			);
			name = LaunchScreen.storyboard;
			sourceTree = "<group>";
		};
/* End PBXVariantGroup section */

/* Begin XCBuildConfiguration section */
		ED8D428321B8B51600E3A130 /* Debug */ = {
			isa = XCBuildConfiguration;
			buildSettings = {
				BUNDLE_LOADER = "$(TEST_HOST)";
				CODE_SIGN_STYLE = Automatic;
				DEVELOPMENT_TEAM = MBTYQ8R5C4;
				INFOPLIST_FILE = HackrTests/Info.plist;
				LD_RUNPATH_SEARCH_PATHS = (
					"$(inherited)",
					"@executable_path/Frameworks",
					"@loader_path/Frameworks",
				);
				PRODUCT_BUNDLE_IDENTIFIER = com.AlePatron.HackrTests;
				PRODUCT_NAME = "$(TARGET_NAME)";
				SWIFT_VERSION = 4.2;
				TARGETED_DEVICE_FAMILY = "1,2";
				TEST_HOST = "$(BUILT_PRODUCTS_DIR)/Hackr.app/Hackr";
			};
			name = Debug;
		};
		ED8D428421B8B51600E3A130 /* Release */ = {
			isa = XCBuildConfiguration;
			buildSettings = {
				BUNDLE_LOADER = "$(TEST_HOST)";
				CODE_SIGN_STYLE = Automatic;
				DEVELOPMENT_TEAM = MBTYQ8R5C4;
				INFOPLIST_FILE = HackrTests/Info.plist;
				LD_RUNPATH_SEARCH_PATHS = (
					"$(inherited)",
					"@executable_path/Frameworks",
					"@loader_path/Frameworks",
				);
				PRODUCT_BUNDLE_IDENTIFIER = com.AlePatron.HackrTests;
				PRODUCT_NAME = "$(TARGET_NAME)";
				SWIFT_VERSION = 4.2;
				TARGETED_DEVICE_FAMILY = "1,2";
				TEST_HOST = "$(BUILT_PRODUCTS_DIR)/Hackr.app/Hackr";
			};
			name = Release;
		};
		EDD848DA21A0BA1A0005CD69 /* Debug */ = {
			isa = XCBuildConfiguration;
			buildSettings = {
				ALWAYS_SEARCH_USER_PATHS = NO;
				CLANG_ANALYZER_NONNULL = YES;
				CLANG_ANALYZER_NUMBER_OBJECT_CONVERSION = YES_AGGRESSIVE;
				CLANG_CXX_LANGUAGE_STANDARD = "gnu++14";
				CLANG_CXX_LIBRARY = "libc++";
				CLANG_ENABLE_MODULES = YES;
				CLANG_ENABLE_OBJC_ARC = YES;
				CLANG_ENABLE_OBJC_WEAK = YES;
				CLANG_WARN_BLOCK_CAPTURE_AUTORELEASING = YES;
				CLANG_WARN_BOOL_CONVERSION = YES;
				CLANG_WARN_COMMA = YES;
				CLANG_WARN_CONSTANT_CONVERSION = YES;
				CLANG_WARN_DEPRECATED_OBJC_IMPLEMENTATIONS = YES;
				CLANG_WARN_DIRECT_OBJC_ISA_USAGE = YES_ERROR;
				CLANG_WARN_DOCUMENTATION_COMMENTS = YES;
				CLANG_WARN_EMPTY_BODY = YES;
				CLANG_WARN_ENUM_CONVERSION = YES;
				CLANG_WARN_INFINITE_RECURSION = YES;
				CLANG_WARN_INT_CONVERSION = YES;
				CLANG_WARN_NON_LITERAL_NULL_CONVERSION = YES;
				CLANG_WARN_OBJC_IMPLICIT_RETAIN_SELF = YES;
				CLANG_WARN_OBJC_LITERAL_CONVERSION = YES;
				CLANG_WARN_OBJC_ROOT_CLASS = YES_ERROR;
				CLANG_WARN_RANGE_LOOP_ANALYSIS = YES;
				CLANG_WARN_STRICT_PROTOTYPES = YES;
				CLANG_WARN_SUSPICIOUS_MOVE = YES;
				CLANG_WARN_UNGUARDED_AVAILABILITY = YES_AGGRESSIVE;
				CLANG_WARN_UNREACHABLE_CODE = YES;
				CLANG_WARN__DUPLICATE_METHOD_MATCH = YES;
				CODE_SIGN_IDENTITY = "iPhone Developer";
				COPY_PHASE_STRIP = NO;
				DEBUG_INFORMATION_FORMAT = dwarf;
				ENABLE_STRICT_OBJC_MSGSEND = YES;
				ENABLE_TESTABILITY = YES;
				GCC_C_LANGUAGE_STANDARD = gnu11;
				GCC_DYNAMIC_NO_PIC = NO;
				GCC_NO_COMMON_BLOCKS = YES;
				GCC_OPTIMIZATION_LEVEL = 0;
				GCC_PREPROCESSOR_DEFINITIONS = (
					"DEBUG=1",
					"$(inherited)",
				);
				GCC_WARN_64_TO_32_BIT_CONVERSION = YES;
				GCC_WARN_ABOUT_RETURN_TYPE = YES_ERROR;
				GCC_WARN_UNDECLARED_SELECTOR = YES;
				GCC_WARN_UNINITIALIZED_AUTOS = YES_AGGRESSIVE;
				GCC_WARN_UNUSED_FUNCTION = YES;
				GCC_WARN_UNUSED_VARIABLE = YES;
				IPHONEOS_DEPLOYMENT_TARGET = 12.1;
				MTL_ENABLE_DEBUG_INFO = INCLUDE_SOURCE;
				MTL_FAST_MATH = YES;
				ONLY_ACTIVE_ARCH = YES;
				SDKROOT = iphoneos;
				SWIFT_ACTIVE_COMPILATION_CONDITIONS = DEBUG;
				SWIFT_OPTIMIZATION_LEVEL = "-Onone";
			};
			name = Debug;
		};
		EDD848DB21A0BA1A0005CD69 /* Release */ = {
			isa = XCBuildConfiguration;
			buildSettings = {
				ALWAYS_SEARCH_USER_PATHS = NO;
				CLANG_ANALYZER_NONNULL = YES;
				CLANG_ANALYZER_NUMBER_OBJECT_CONVERSION = YES_AGGRESSIVE;
				CLANG_CXX_LANGUAGE_STANDARD = "gnu++14";
				CLANG_CXX_LIBRARY = "libc++";
				CLANG_ENABLE_MODULES = YES;
				CLANG_ENABLE_OBJC_ARC = YES;
				CLANG_ENABLE_OBJC_WEAK = YES;
				CLANG_WARN_BLOCK_CAPTURE_AUTORELEASING = YES;
				CLANG_WARN_BOOL_CONVERSION = YES;
				CLANG_WARN_COMMA = YES;
				CLANG_WARN_CONSTANT_CONVERSION = YES;
				CLANG_WARN_DEPRECATED_OBJC_IMPLEMENTATIONS = YES;
				CLANG_WARN_DIRECT_OBJC_ISA_USAGE = YES_ERROR;
				CLANG_WARN_DOCUMENTATION_COMMENTS = YES;
				CLANG_WARN_EMPTY_BODY = YES;
				CLANG_WARN_ENUM_CONVERSION = YES;
				CLANG_WARN_INFINITE_RECURSION = YES;
				CLANG_WARN_INT_CONVERSION = YES;
				CLANG_WARN_NON_LITERAL_NULL_CONVERSION = YES;
				CLANG_WARN_OBJC_IMPLICIT_RETAIN_SELF = YES;
				CLANG_WARN_OBJC_LITERAL_CONVERSION = YES;
				CLANG_WARN_OBJC_ROOT_CLASS = YES_ERROR;
				CLANG_WARN_RANGE_LOOP_ANALYSIS = YES;
				CLANG_WARN_STRICT_PROTOTYPES = YES;
				CLANG_WARN_SUSPICIOUS_MOVE = YES;
				CLANG_WARN_UNGUARDED_AVAILABILITY = YES_AGGRESSIVE;
				CLANG_WARN_UNREACHABLE_CODE = YES;
				CLANG_WARN__DUPLICATE_METHOD_MATCH = YES;
				CODE_SIGN_IDENTITY = "iPhone Developer";
				COPY_PHASE_STRIP = NO;
				DEBUG_INFORMATION_FORMAT = "dwarf-with-dsym";
				ENABLE_NS_ASSERTIONS = NO;
				ENABLE_STRICT_OBJC_MSGSEND = YES;
				GCC_C_LANGUAGE_STANDARD = gnu11;
				GCC_NO_COMMON_BLOCKS = YES;
				GCC_WARN_64_TO_32_BIT_CONVERSION = YES;
				GCC_WARN_ABOUT_RETURN_TYPE = YES_ERROR;
				GCC_WARN_UNDECLARED_SELECTOR = YES;
				GCC_WARN_UNINITIALIZED_AUTOS = YES_AGGRESSIVE;
				GCC_WARN_UNUSED_FUNCTION = YES;
				GCC_WARN_UNUSED_VARIABLE = YES;
				IPHONEOS_DEPLOYMENT_TARGET = 12.1;
				MTL_ENABLE_DEBUG_INFO = NO;
				MTL_FAST_MATH = YES;
				SDKROOT = iphoneos;
				SWIFT_COMPILATION_MODE = wholemodule;
				SWIFT_OPTIMIZATION_LEVEL = "-O";
				VALIDATE_PRODUCT = YES;
			};
			name = Release;
		};
		EDD848DD21A0BA1A0005CD69 /* Debug */ = {
			isa = XCBuildConfiguration;
			buildSettings = {
				ASSETCATALOG_COMPILER_APPICON_NAME = AppIcon;
				CODE_SIGN_STYLE = Automatic;
				DEVELOPMENT_TEAM = 5U48XLFTQZ;
				INFOPLIST_FILE = Hackr/Info.plist;
				LD_RUNPATH_SEARCH_PATHS = (
					"$(inherited)",
					"@executable_path/Frameworks",
				);
				PRODUCT_BUNDLE_IDENTIFIER = com.AlePatron.Hackr;
				PRODUCT_NAME = "$(TARGET_NAME)";
				SWIFT_VERSION = 4.2;
				TARGETED_DEVICE_FAMILY = "1,2";
			};
			name = Debug;
		};
		EDD848DE21A0BA1A0005CD69 /* Release */ = {
			isa = XCBuildConfiguration;
			buildSettings = {
				ASSETCATALOG_COMPILER_APPICON_NAME = AppIcon;
				CODE_SIGN_STYLE = Automatic;
				DEVELOPMENT_TEAM = 5U48XLFTQZ;
				INFOPLIST_FILE = Hackr/Info.plist;
				LD_RUNPATH_SEARCH_PATHS = (
					"$(inherited)",
					"@executable_path/Frameworks",
				);
				PRODUCT_BUNDLE_IDENTIFIER = com.AlePatron.Hackr;
				PRODUCT_NAME = "$(TARGET_NAME)";
				SWIFT_VERSION = 4.2;
				TARGETED_DEVICE_FAMILY = "1,2";
			};
			name = Release;
		};
/* End XCBuildConfiguration section */

/* Begin XCConfigurationList section */
		ED8D428221B8B51600E3A130 /* Build configuration list for PBXNativeTarget "HackrTests" */ = {
			isa = XCConfigurationList;
			buildConfigurations = (
				ED8D428321B8B51600E3A130 /* Debug */,
				ED8D428421B8B51600E3A130 /* Release */,
			);
			defaultConfigurationIsVisible = 0;
			defaultConfigurationName = Release;
		};
		EDD848C521A0BA190005CD69 /* Build configuration list for PBXProject "Hackr" */ = {
			isa = XCConfigurationList;
			buildConfigurations = (
				EDD848DA21A0BA1A0005CD69 /* Debug */,
				EDD848DB21A0BA1A0005CD69 /* Release */,
			);
			defaultConfigurationIsVisible = 0;
			defaultConfigurationName = Release;
		};
		EDD848DC21A0BA1A0005CD69 /* Build configuration list for PBXNativeTarget "Hackr" */ = {
			isa = XCConfigurationList;
			buildConfigurations = (
				EDD848DD21A0BA1A0005CD69 /* Debug */,
				EDD848DE21A0BA1A0005CD69 /* Release */,
			);
			defaultConfigurationIsVisible = 0;
			defaultConfigurationName = Release;
		};
/* End XCConfigurationList section */
	};
	rootObject = EDD848C221A0BA190005CD69 /* Project object */;
}
